
Microsoft Visual Studio Solution File, Format Version 12.00
# Visual Studio Version 17
VisualStudioVersion = 17.9.34902.65
MinimumVisualStudioVersion = 10.0.40219.1
Project("{2150E333-8FDC-42A3-9474-1A3956D46DE8}") = "Services", "Services", "{37EEC539-E9CB-46D1-A95F-5221608A43D8}"
EndProject
Project("{2150E333-8FDC-42A3-9474-1A3956D46DE8}") = "Catalog", "Catalog", "{E6C0CE6B-D0FA-4BFE-85BB-F041F4D762C5}"
EndProject
Project("{9A19103F-16F7-4668-BE54-9A1E7A4F7556}") = "Catalog.API", "Services\Catalog\Catalog.API\Catalog.API.csproj", "{4C6C7E8B-1F48-4A5A-A856-96F17490C411}"
EndProject
Project("{9A19103F-16F7-4668-BE54-9A1E7A4F7556}") = "Catalog.Application", "Services\Catalog\Catalog.Application\Catalog.Application.csproj", "{82727D89-D45D-423B-BE04-084D630D8D43}"
EndProject
Project("{9A19103F-16F7-4668-BE54-9A1E7A4F7556}") = "Catalog.Core", "Services\Catalog\Catalog.Core\Catalog.Core.csproj", "{5043DF5B-C000-4EAB-86C2-77D6DC958230}"
EndProject
Project("{9A19103F-16F7-4668-BE54-9A1E7A4F7556}") = "Catalog.Infrastructure", "Services\Catalog\Catalog.Infrastructure\Catalog.Infrastructure.csproj", "{20612D18-53D6-439B-8541-BFDDB4FE3046}"
EndProject
Project("{E53339B2-1760-4266-BCC7-CA923CBCF16C}") = "docker-compose", "docker-compose.dcproj", "{AB421C7E-817A-40B6-B1A1-6EF72EADBC21}"
EndProject
Project("{2150E333-8FDC-42A3-9474-1A3956D46DE8}") = "Basket", "Basket", "{41DAAD6F-14C5-4187-B454-EC4B403A1117}"
EndProject
Project("{9A19103F-16F7-4668-BE54-9A1E7A4F7556}") = "Basket.Application", "Services\Basket\Basket.Application\Basket.Application.csproj", "{62B522F9-A96A-4A17-B07B-3FBBB2054A07}"
EndProject
Project("{9A19103F-16F7-4668-BE54-9A1E7A4F7556}") = "Basket.Core", "Services\Basket\Basket.Core\Basket.Core.csproj", "{E20EE22E-8B3C-4C62-8743-A416A83B3659}"
EndProject
Project("{9A19103F-16F7-4668-BE54-9A1E7A4F7556}") = "Basket.Infrastructure", "Services\Basket\Basket.Infrastructure\Basket.Infrastructure.csproj", "{8714887C-F354-419B-9077-54B1A1884869}"
EndProject
Project("{9A19103F-16F7-4668-BE54-9A1E7A4F7556}") = "Basket.API", "Services\Basket\Basket.API\Basket.API.csproj", "{FA2E2EE7-97B8-44B8-8008-A4809E99F219}"
EndProject
Project("{2150E333-8FDC-42A3-9474-1A3956D46DE8}") = "Discount", "Discount", "{4F8875BB-1A4C-41B7-A305-A8BB36703600}"
EndProject
Project("{9A19103F-16F7-4668-BE54-9A1E7A4F7556}") = "Discount.Application", "Services\Discount\Discount.Application\Discount.Application.csproj", "{ECD41D9B-4F8B-4A5E-A449-A89134B7DD15}"
EndProject
Project("{9A19103F-16F7-4668-BE54-9A1E7A4F7556}") = "Discount.Core", "Services\Discount\Discount.Core\Discount.Core.csproj", "{15B39891-CA22-446C-AAFD-16F50B13A341}"
EndProject
Project("{9A19103F-16F7-4668-BE54-9A1E7A4F7556}") = "Discount.Infrastructure", "Services\Discount\Discount.Infrastructure\Discount.Infrastructure.csproj", "{4922CD34-25EA-4698-B842-4F93CAC49D31}"
EndProject
Project("{9A19103F-16F7-4668-BE54-9A1E7A4F7556}") = "Discount.API", "Services\Discount\Discount.API\Discount.API.csproj", "{8CB64D09-2BE9-4EFB-A9CE-2B4116F3B701}"
EndProject
Project("{2150E333-8FDC-42A3-9474-1A3956D46DE8}") = "Ordering", "Ordering", "{CFD2BE91-F856-44E5-A9E9-FC1328533D29}"
EndProject
Project("{9A19103F-16F7-4668-BE54-9A1E7A4F7556}") = "Ordering.Core", "Services\Ordering\Ordering.Core\Ordering.Core.csproj", "{CE1DF9CA-F3F2-4291-AC10-49B58B59B7FC}"
EndProject
Project("{9A19103F-16F7-4668-BE54-9A1E7A4F7556}") = "Ordering.Infrastructure", "Services\Ordering\Ordering.Infrastructure\Ordering.Infrastructure.csproj", "{E6C06549-BCD1-4A54-AE08-681D29656296}"
EndProject
Project("{9A19103F-16F7-4668-BE54-9A1E7A4F7556}") = "Ordering.API", "Services\Ordering\Ordering.API\Ordering.API.csproj", "{1C0C61E4-09E1-4080-A979-6EFB75A759F9}"
EndProject
Project("{9A19103F-16F7-4668-BE54-9A1E7A4F7556}") = "Ordering.Application", "Services\Ordering\Ordering.Application\Ordering.Application.csproj", "{FD201598-47A2-4A29-BEE7-7BFB1A91162A}"
EndProject
Project("{2150E333-8FDC-42A3-9474-1A3956D46DE8}") = "Infrastructure", "Infrastructure", "{38B2AB0B-BDF8-4D05-A514-C8B1B8B75103}"
EndProject
Project("{9A19103F-16F7-4668-BE54-9A1E7A4F7556}") = "EventBus.Messages", "Infrastructure\EventBus.Messages\EventBus.Messages.csproj", "{6DC52DFC-E14F-44BF-8D00-BD6AFF5B0C5C}"
EndProject
Project("{9A19103F-16F7-4668-BE54-9A1E7A4F7556}") = "Ocelot.ApiGateway", "ApiGateways\Ocelot.ApiGateway\Ocelot.ApiGateway.csproj", "{5E865EAD-CCCA-4C6B-A96B-990574A54803}"
EndProject
Project("{2150E333-8FDC-42A3-9474-1A3956D46DE8}") = "ApiGateways", "ApiGateways", "{7F3CD2BF-76F1-428D-929A-376568D45F08}"
EndProject
Project("{9A19103F-16F7-4668-BE54-9A1E7A4F7556}") = "EShopping.Identity", "Infrastructure\EShopping.Identity\EShopping.Identity.csproj", "{39437BE8-736D-4B14-8E25-A4B63F9CA46C}"
EndProject
Project("{2150E333-8FDC-42A3-9474-1A3956D46DE8}") = "nginx", "nginx", "{3710F211-E8D4-467D-A1E4-D6B59130669F}"
	ProjectSection(SolutionItems) = preProject
		ApiGateways\nginx\id-local.conf = ApiGateways\nginx\id-local.conf
		ApiGateways\nginx\id-local.crt = ApiGateways\nginx\id-local.crt
		ApiGateways\nginx\id-local.key = ApiGateways\nginx\id-local.key
		ApiGateways\nginx\id-local.pfx = ApiGateways\nginx\id-local.pfx
		ApiGateways\nginx\nginx.Dockerfile = ApiGateways\nginx\nginx.Dockerfile
		ApiGateways\nginx\nginx.local.conf = ApiGateways\nginx\nginx.local.conf
	EndProjectSection
EndProject
Project("{FAE04EC0-301F-11D3-BF4B-00C04F79EFBC}") = "Common.Logging", "Infrastructure\Common.Logging\Common.Logging.csproj", "{2D93E138-8591-49FE-B2A1-33E4688D929C}"
EndProject
Global
	GlobalSection(SolutionConfigurationPlatforms) = preSolution
		Debug|Any CPU = Debug|Any CPU
		Release|Any CPU = Release|Any CPU
	EndGlobalSection
	GlobalSection(ProjectConfigurationPlatforms) = postSolution
		{4C6C7E8B-1F48-4A5A-A856-96F17490C411}.Debug|Any CPU.ActiveCfg = Debug|Any CPU
		{4C6C7E8B-1F48-4A5A-A856-96F17490C411}.Debug|Any CPU.Build.0 = Debug|Any CPU
		{4C6C7E8B-1F48-4A5A-A856-96F17490C411}.Release|Any CPU.ActiveCfg = Release|Any CPU
		{4C6C7E8B-1F48-4A5A-A856-96F17490C411}.Release|Any CPU.Build.0 = Release|Any CPU
		{82727D89-D45D-423B-BE04-084D630D8D43}.Debug|Any CPU.ActiveCfg = Debug|Any CPU
		{82727D89-D45D-423B-BE04-084D630D8D43}.Debug|Any CPU.Build.0 = Debug|Any CPU
		{82727D89-D45D-423B-BE04-084D630D8D43}.Release|Any CPU.ActiveCfg = Release|Any CPU
		{82727D89-D45D-423B-BE04-084D630D8D43}.Release|Any CPU.Build.0 = Release|Any CPU
		{5043DF5B-C000-4EAB-86C2-77D6DC958230}.Debug|Any CPU.ActiveCfg = Debug|Any CPU
		{5043DF5B-C000-4EAB-86C2-77D6DC958230}.Debug|Any CPU.Build.0 = Debug|Any CPU
		{5043DF5B-C000-4EAB-86C2-77D6DC958230}.Release|Any CPU.ActiveCfg = Release|Any CPU
		{5043DF5B-C000-4EAB-86C2-77D6DC958230}.Release|Any CPU.Build.0 = Release|Any CPU
		{20612D18-53D6-439B-8541-BFDDB4FE3046}.Debug|Any CPU.ActiveCfg = Debug|Any CPU
		{20612D18-53D6-439B-8541-BFDDB4FE3046}.Debug|Any CPU.Build.0 = Debug|Any CPU
		{20612D18-53D6-439B-8541-BFDDB4FE3046}.Release|Any CPU.ActiveCfg = Release|Any CPU
		{20612D18-53D6-439B-8541-BFDDB4FE3046}.Release|Any CPU.Build.0 = Release|Any CPU
		{AB421C7E-817A-40B6-B1A1-6EF72EADBC21}.Debug|Any CPU.ActiveCfg = Debug|Any CPU
		{AB421C7E-817A-40B6-B1A1-6EF72EADBC21}.Debug|Any CPU.Build.0 = Debug|Any CPU
		{AB421C7E-817A-40B6-B1A1-6EF72EADBC21}.Release|Any CPU.ActiveCfg = Release|Any CPU
		{AB421C7E-817A-40B6-B1A1-6EF72EADBC21}.Release|Any CPU.Build.0 = Release|Any CPU
		{62B522F9-A96A-4A17-B07B-3FBBB2054A07}.Debug|Any CPU.ActiveCfg = Debug|Any CPU
		{62B522F9-A96A-4A17-B07B-3FBBB2054A07}.Debug|Any CPU.Build.0 = Debug|Any CPU
		{62B522F9-A96A-4A17-B07B-3FBBB2054A07}.Release|Any CPU.ActiveCfg = Release|Any CPU
		{62B522F9-A96A-4A17-B07B-3FBBB2054A07}.Release|Any CPU.Build.0 = Release|Any CPU
		{E20EE22E-8B3C-4C62-8743-A416A83B3659}.Debug|Any CPU.ActiveCfg = Debug|Any CPU
		{E20EE22E-8B3C-4C62-8743-A416A83B3659}.Debug|Any CPU.Build.0 = Debug|Any CPU
		{E20EE22E-8B3C-4C62-8743-A416A83B3659}.Release|Any CPU.ActiveCfg = Release|Any CPU
		{E20EE22E-8B3C-4C62-8743-A416A83B3659}.Release|Any CPU.Build.0 = Release|Any CPU
		{8714887C-F354-419B-9077-54B1A1884869}.Debug|Any CPU.ActiveCfg = Debug|Any CPU
		{8714887C-F354-419B-9077-54B1A1884869}.Debug|Any CPU.Build.0 = Debug|Any CPU
		{8714887C-F354-419B-9077-54B1A1884869}.Release|Any CPU.ActiveCfg = Release|Any CPU
		{8714887C-F354-419B-9077-54B1A1884869}.Release|Any CPU.Build.0 = Release|Any CPU
		{FA2E2EE7-97B8-44B8-8008-A4809E99F219}.Debug|Any CPU.ActiveCfg = Debug|Any CPU
		{FA2E2EE7-97B8-44B8-8008-A4809E99F219}.Debug|Any CPU.Build.0 = Debug|Any CPU
		{FA2E2EE7-97B8-44B8-8008-A4809E99F219}.Release|Any CPU.ActiveCfg = Release|Any CPU
		{FA2E2EE7-97B8-44B8-8008-A4809E99F219}.Release|Any CPU.Build.0 = Release|Any CPU
		{ECD41D9B-4F8B-4A5E-A449-A89134B7DD15}.Debug|Any CPU.ActiveCfg = Debug|Any CPU
		{ECD41D9B-4F8B-4A5E-A449-A89134B7DD15}.Debug|Any CPU.Build.0 = Debug|Any CPU
		{ECD41D9B-4F8B-4A5E-A449-A89134B7DD15}.Release|Any CPU.ActiveCfg = Release|Any CPU
		{ECD41D9B-4F8B-4A5E-A449-A89134B7DD15}.Release|Any CPU.Build.0 = Release|Any CPU
		{15B39891-CA22-446C-AAFD-16F50B13A341}.Debug|Any CPU.ActiveCfg = Debug|Any CPU
		{15B39891-CA22-446C-AAFD-16F50B13A341}.Debug|Any CPU.Build.0 = Debug|Any CPU
		{15B39891-CA22-446C-AAFD-16F50B13A341}.Release|Any CPU.ActiveCfg = Release|Any CPU
		{15B39891-CA22-446C-AAFD-16F50B13A341}.Release|Any CPU.Build.0 = Release|Any CPU
		{4922CD34-25EA-4698-B842-4F93CAC49D31}.Debug|Any CPU.ActiveCfg = Debug|Any CPU
		{4922CD34-25EA-4698-B842-4F93CAC49D31}.Debug|Any CPU.Build.0 = Debug|Any CPU
		{4922CD34-25EA-4698-B842-4F93CAC49D31}.Release|Any CPU.ActiveCfg = Release|Any CPU
		{4922CD34-25EA-4698-B842-4F93CAC49D31}.Release|Any CPU.Build.0 = Release|Any CPU
		{8CB64D09-2BE9-4EFB-A9CE-2B4116F3B701}.Debug|Any CPU.ActiveCfg = Debug|Any CPU
		{8CB64D09-2BE9-4EFB-A9CE-2B4116F3B701}.Debug|Any CPU.Build.0 = Debug|Any CPU
		{8CB64D09-2BE9-4EFB-A9CE-2B4116F3B701}.Release|Any CPU.ActiveCfg = Release|Any CPU
		{8CB64D09-2BE9-4EFB-A9CE-2B4116F3B701}.Release|Any CPU.Build.0 = Release|Any CPU
		{CE1DF9CA-F3F2-4291-AC10-49B58B59B7FC}.Debug|Any CPU.ActiveCfg = Debug|Any CPU
		{CE1DF9CA-F3F2-4291-AC10-49B58B59B7FC}.Debug|Any CPU.Build.0 = Debug|Any CPU
		{CE1DF9CA-F3F2-4291-AC10-49B58B59B7FC}.Release|Any CPU.ActiveCfg = Release|Any CPU
		{CE1DF9CA-F3F2-4291-AC10-49B58B59B7FC}.Release|Any CPU.Build.0 = Release|Any CPU
		{E6C06549-BCD1-4A54-AE08-681D29656296}.Debug|Any CPU.ActiveCfg = Debug|Any CPU
		{E6C06549-BCD1-4A54-AE08-681D29656296}.Debug|Any CPU.Build.0 = Debug|Any CPU
		{E6C06549-BCD1-4A54-AE08-681D29656296}.Release|Any CPU.ActiveCfg = Release|Any CPU
		{E6C06549-BCD1-4A54-AE08-681D29656296}.Release|Any CPU.Build.0 = Release|Any CPU
		{1C0C61E4-09E1-4080-A979-6EFB75A759F9}.Debug|Any CPU.ActiveCfg = Debug|Any CPU
		{1C0C61E4-09E1-4080-A979-6EFB75A759F9}.Debug|Any CPU.Build.0 = Debug|Any CPU
		{1C0C61E4-09E1-4080-A979-6EFB75A759F9}.Release|Any CPU.ActiveCfg = Release|Any CPU
		{1C0C61E4-09E1-4080-A979-6EFB75A759F9}.Release|Any CPU.Build.0 = Release|Any CPU
		{FD201598-47A2-4A29-BEE7-7BFB1A91162A}.Debug|Any CPU.ActiveCfg = Debug|Any CPU
		{FD201598-47A2-4A29-BEE7-7BFB1A91162A}.Debug|Any CPU.Build.0 = Debug|Any CPU
		{FD201598-47A2-4A29-BEE7-7BFB1A91162A}.Release|Any CPU.ActiveCfg = Release|Any CPU
		{FD201598-47A2-4A29-BEE7-7BFB1A91162A}.Release|Any CPU.Build.0 = Release|Any CPU
		{6DC52DFC-E14F-44BF-8D00-BD6AFF5B0C5C}.Debug|Any CPU.ActiveCfg = Debug|Any CPU
		{6DC52DFC-E14F-44BF-8D00-BD6AFF5B0C5C}.Debug|Any CPU.Build.0 = Debug|Any CPU
		{6DC52DFC-E14F-44BF-8D00-BD6AFF5B0C5C}.Release|Any CPU.ActiveCfg = Release|Any CPU
		{6DC52DFC-E14F-44BF-8D00-BD6AFF5B0C5C}.Release|Any CPU.Build.0 = Release|Any CPU
		{5E865EAD-CCCA-4C6B-A96B-990574A54803}.Debug|Any CPU.ActiveCfg = Debug|Any CPU
		{5E865EAD-CCCA-4C6B-A96B-990574A54803}.Debug|Any CPU.Build.0 = Debug|Any CPU
		{5E865EAD-CCCA-4C6B-A96B-990574A54803}.Release|Any CPU.ActiveCfg = Release|Any CPU
		{5E865EAD-CCCA-4C6B-A96B-990574A54803}.Release|Any CPU.Build.0 = Release|Any CPU
		{39437BE8-736D-4B14-8E25-A4B63F9CA46C}.Debug|Any CPU.ActiveCfg = Debug|Any CPU
		{39437BE8-736D-4B14-8E25-A4B63F9CA46C}.Debug|Any CPU.Build.0 = Debug|Any CPU
		{39437BE8-736D-4B14-8E25-A4B63F9CA46C}.Release|Any CPU.ActiveCfg = Release|Any CPU
		{39437BE8-736D-4B14-8E25-A4B63F9CA46C}.Release|Any CPU.Build.0 = Release|Any CPU
		{2D93E138-8591-49FE-B2A1-33E4688D929C}.Debug|Any CPU.ActiveCfg = Debug|Any CPU
		{2D93E138-8591-49FE-B2A1-33E4688D929C}.Debug|Any CPU.Build.0 = Debug|Any CPU
		{2D93E138-8591-49FE-B2A1-33E4688D929C}.Release|Any CPU.ActiveCfg = Release|Any CPU
		{2D93E138-8591-49FE-B2A1-33E4688D929C}.Release|Any CPU.Build.0 = Release|Any CPU
	EndGlobalSection
	GlobalSection(SolutionProperties) = preSolution
		HideSolutionNode = FALSE
	EndGlobalSection
	GlobalSection(NestedProjects) = preSolution
		{E6C0CE6B-D0FA-4BFE-85BB-F041F4D762C5} = {37EEC539-E9CB-46D1-A95F-5221608A43D8}
		{4C6C7E8B-1F48-4A5A-A856-96F17490C411} = {E6C0CE6B-D0FA-4BFE-85BB-F041F4D762C5}
		{82727D89-D45D-423B-BE04-084D630D8D43} = {E6C0CE6B-D0FA-4BFE-85BB-F041F4D762C5}
		{5043DF5B-C000-4EAB-86C2-77D6DC958230} = {E6C0CE6B-D0FA-4BFE-85BB-F041F4D762C5}
		{20612D18-53D6-439B-8541-BFDDB4FE3046} = {E6C0CE6B-D0FA-4BFE-85BB-F041F4D762C5}
		{41DAAD6F-14C5-4187-B454-EC4B403A1117} = {37EEC539-E9CB-46D1-A95F-5221608A43D8}
		{62B522F9-A96A-4A17-B07B-3FBBB2054A07} = {41DAAD6F-14C5-4187-B454-EC4B403A1117}
		{E20EE22E-8B3C-4C62-8743-A416A83B3659} = {41DAAD6F-14C5-4187-B454-EC4B403A1117}
		{8714887C-F354-419B-9077-54B1A1884869} = {41DAAD6F-14C5-4187-B454-EC4B403A1117}
		{FA2E2EE7-97B8-44B8-8008-A4809E99F219} = {41DAAD6F-14C5-4187-B454-EC4B403A1117}
		{4F8875BB-1A4C-41B7-A305-A8BB36703600} = {37EEC539-E9CB-46D1-A95F-5221608A43D8}
		{ECD41D9B-4F8B-4A5E-A449-A89134B7DD15} = {4F8875BB-1A4C-41B7-A305-A8BB36703600}
		{15B39891-CA22-446C-AAFD-16F50B13A341} = {4F8875BB-1A4C-41B7-A305-A8BB36703600}
		{4922CD34-25EA-4698-B842-4F93CAC49D31} = {4F8875BB-1A4C-41B7-A305-A8BB36703600}
		{8CB64D09-2BE9-4EFB-A9CE-2B4116F3B701} = {4F8875BB-1A4C-41B7-A305-A8BB36703600}
		{CFD2BE91-F856-44E5-A9E9-FC1328533D29} = {37EEC539-E9CB-46D1-A95F-5221608A43D8}
		{CE1DF9CA-F3F2-4291-AC10-49B58B59B7FC} = {CFD2BE91-F856-44E5-A9E9-FC1328533D29}
		{E6C06549-BCD1-4A54-AE08-681D29656296} = {CFD2BE91-F856-44E5-A9E9-FC1328533D29}
		{1C0C61E4-09E1-4080-A979-6EFB75A759F9} = {CFD2BE91-F856-44E5-A9E9-FC1328533D29}
		{FD201598-47A2-4A29-BEE7-7BFB1A91162A} = {CFD2BE91-F856-44E5-A9E9-FC1328533D29}
		{6DC52DFC-E14F-44BF-8D00-BD6AFF5B0C5C} = {38B2AB0B-BDF8-4D05-A514-C8B1B8B75103}
		{5E865EAD-CCCA-4C6B-A96B-990574A54803} = {7F3CD2BF-76F1-428D-929A-376568D45F08}
		{39437BE8-736D-4B14-8E25-A4B63F9CA46C} = {38B2AB0B-BDF8-4D05-A514-C8B1B8B75103}
		{3710F211-E8D4-467D-A1E4-D6B59130669F} = {7F3CD2BF-76F1-428D-929A-376568D45F08}
		{2D93E138-8591-49FE-B2A1-33E4688D929C} = {38B2AB0B-BDF8-4D05-A514-C8B1B8B75103}
	EndGlobalSection
	GlobalSection(ExtensibilityGlobals) = postSolution
		SolutionGuid = {44F4F35A-2B80-4011-8A58-BF4DE2D6F3A4}
	EndGlobalSection
EndGlobal
